
Microsoft Visual Studio Solution File, Format Version 12.00
# Visual Studio Version 17
VisualStudioVersion = 17.9.34728.123
MinimumVisualStudioVersion = 10.0.40219.1
Project("{9A19103F-16F7-4668-BE54-9A1E7A4F7556}") = "PowerRangeurWEB", "PowerRangeurWEB\PowerRangeurWEB.csproj", "{62976B82-FC49-46BD-85E1-29E6A7078806}"
EndProject
Project("{9A19103F-16F7-4668-BE54-9A1E7A4F7556}") = "PowerRangeur.Shared", "..\PowerRangeurAPI2\PowerRangeur.Shared\PowerRangeur.Shared.csproj", "{0AD05C74-46B1-4CF0-901C-47AEDDC3A72E}"
EndProject
Project("{9A19103F-16F7-4668-BE54-9A1E7A4F7556}") = "PowerRangeurAPI.Domain", "..\PowerRangeurAPI2\PowerRangeurAPI.Domain\PowerRangeurAPI.Domain.csproj", "{DE9EF251-63DE-42F3-AED9-762856844494}"
EndProject
Global
	GlobalSection(SolutionConfigurationPlatforms) = preSolution
		Debug|Any CPU = Debug|Any CPU
		Release|Any CPU = Release|Any CPU
	EndGlobalSection
	GlobalSection(ProjectConfigurationPlatforms) = postSolution
		{62976B82-FC49-46BD-85E1-29E6A7078806}.Debug|Any CPU.ActiveCfg = Debug|Any CPU
		{62976B82-FC49-46BD-85E1-29E6A7078806}.Debug|Any CPU.Build.0 = Debug|Any CPU
		{62976B82-FC49-46BD-85E1-29E6A7078806}.Release|Any CPU.ActiveCfg = Release|Any CPU
		{62976B82-FC49-46BD-85E1-29E6A7078806}.Release|Any CPU.Build.0 = Release|Any CPU
		{0AD05C74-46B1-4CF0-901C-47AEDDC3A72E}.Debug|Any CPU.ActiveCfg = Debug|Any CPU
		{0AD05C74-46B1-4CF0-901C-47AEDDC3A72E}.Debug|Any CPU.Build.0 = Debug|Any CPU
		{0AD05C74-46B1-4CF0-901C-47AEDDC3A72E}.Release|Any CPU.ActiveCfg = Release|Any CPU
		{0AD05C74-46B1-4CF0-901C-47AEDDC3A72E}.Release|Any CPU.Build.0 = Release|Any CPU
		{DE9EF251-63DE-42F3-AED9-762856844494}.Debug|Any CPU.ActiveCfg = Debug|Any CPU
		{DE9EF251-63DE-42F3-AED9-762856844494}.Debug|Any CPU.Build.0 = Debug|Any CPU
		{DE9EF251-63DE-42F3-AED9-762856844494}.Release|Any CPU.ActiveCfg = Release|Any CPU
		{DE9EF251-63DE-42F3-AED9-762856844494}.Release|Any CPU.Build.0 = Release|Any CPU
	EndGlobalSection
	GlobalSection(SolutionProperties) = preSolution
		HideSolutionNode = FALSE
	EndGlobalSection
	GlobalSection(ExtensibilityGlobals) = postSolution
		SolutionGuid = {BE6AFBF4-B5A9-48F2-8412-7685CD61373A}
	EndGlobalSection
EndGlobal
